
Microsoft Visual Studio Solution File, Format Version 12.00
# Visual Studio Version 17
VisualStudioVersion = 17.7.34024.191
MinimumVisualStudioVersion = 10.0.40219.1
Project("{8BC9CEB8-8B4A-11D0-8D11-00A0C91BC942}") = "task1.1", "task1.1\task1.1.vcxproj", "{114E3EE8-8A3D-4B48-BA9B-5D1141884EB6}"
EndProject
Project("{8BC9CEB8-8B4A-11D0-8D11-00A0C91BC942}") = "task1.2", "task1.2\task1.2.vcxproj", "{079E639A-338D-4707-8911-923B13C66CAD}"
EndProject
Project("{8BC9CEB8-8B4A-11D0-8D11-00A0C91BC942}") = "task1.3", "task1.3\task1.3.vcxproj", "{42C5F6D9-7B8C-41AE-A2D4-053049562682}"
EndProject
Project("{8BC9CEB8-8B4A-11D0-8D11-00A0C91BC942}") = "task1.4", "task1.4\task1.4.vcxproj", "{F4BB85C7-EA26-4602-B506-AFECA29F5FCA}"
EndProject
Project("{8BC9CEB8-8B4A-11D0-8D11-00A0C91BC942}") = "task1.5", "task1.5\task1.5.vcxproj", "{01910E8D-CA7D-4D71-B5AA-6E7F46AC4F8A}"
EndProject
Project("{8BC9CEB8-8B4A-11D0-8D11-00A0C91BC942}") = "task1.6", "task1.6\task1.6.vcxproj", "{BF846A0D-6CE9-41DA-BB1D-929C07514211}"
EndProject
Project("{8BC9CEB8-8B4A-11D0-8D11-00A0C91BC942}") = "task1.7", "task1.7\task1.7.vcxproj", "{40541B25-3958-444B-8767-4EA705D861A9}"
EndProject
Project("{8BC9CEB8-8B4A-11D0-8D11-00A0C91BC942}") = "task1.8", "task1.8\task1.8.vcxproj", "{97425F4B-9145-4E3E-A6FE-11C126E3DE9D}"
EndProject
Project("{8BC9CEB8-8B4A-11D0-8D11-00A0C91BC942}") = "task1.9", "task1.9\task1.9.vcxproj", "{57B83CEB-C0C4-4D7D-862F-5D2A0A21EA1A}"
EndProject
Project("{8BC9CEB8-8B4A-11D0-8D11-00A0C91BC942}") = "task1.10", "task1.10\task1.10.vcxproj", "{7F54CED6-75B4-4CF1-B270-738142F430B9}"
EndProject
Project("{8BC9CEB8-8B4A-11D0-8D11-00A0C91BC942}") = "task2", "task2\task2.vcxproj", "{25CE0382-F7D8-449A-8D73-934D8816B891}"
EndProject
Global
	GlobalSection(SolutionConfigurationPlatforms) = preSolution
		Debug|x64 = Debug|x64
		Debug|x86 = Debug|x86
		Release|x64 = Release|x64
		Release|x86 = Release|x86
	EndGlobalSection
	GlobalSection(ProjectConfigurationPlatforms) = postSolution
		{114E3EE8-8A3D-4B48-BA9B-5D1141884EB6}.Debug|x64.ActiveCfg = Debug|x64
		{114E3EE8-8A3D-4B48-BA9B-5D1141884EB6}.Debug|x64.Build.0 = Debug|x64
		{114E3EE8-8A3D-4B48-BA9B-5D1141884EB6}.Debug|x86.ActiveCfg = Debug|Win32
		{114E3EE8-8A3D-4B48-BA9B-5D1141884EB6}.Debug|x86.Build.0 = Debug|Win32
		{114E3EE8-8A3D-4B48-BA9B-5D1141884EB6}.Release|x64.ActiveCfg = Release|x64
		{114E3EE8-8A3D-4B48-BA9B-5D1141884EB6}.Release|x64.Build.0 = Release|x64
		{114E3EE8-8A3D-4B48-BA9B-5D1141884EB6}.Release|x86.ActiveCfg = Release|Win32
		{114E3EE8-8A3D-4B48-BA9B-5D1141884EB6}.Release|x86.Build.0 = Release|Win32
		{079E639A-338D-4707-8911-923B13C66CAD}.Debug|x64.ActiveCfg = Debug|x64
		{079E639A-338D-4707-8911-923B13C66CAD}.Debug|x64.Build.0 = Debug|x64
		{079E639A-338D-4707-8911-923B13C66CAD}.Debug|x86.ActiveCfg = Debug|Win32
		{079E639A-338D-4707-8911-923B13C66CAD}.Debug|x86.Build.0 = Debug|Win32
		{079E639A-338D-4707-8911-923B13C66CAD}.Release|x64.ActiveCfg = Release|x64
		{079E639A-338D-4707-8911-923B13C66CAD}.Release|x64.Build.0 = Release|x64
		{079E639A-338D-4707-8911-923B13C66CAD}.Release|x86.ActiveCfg = Release|Win32
		{079E639A-338D-4707-8911-923B13C66CAD}.Release|x86.Build.0 = Release|Win32
		{42C5F6D9-7B8C-41AE-A2D4-053049562682}.Debug|x64.ActiveCfg = Debug|x64
		{42C5F6D9-7B8C-41AE-A2D4-053049562682}.Debug|x64.Build.0 = Debug|x64
		{42C5F6D9-7B8C-41AE-A2D4-053049562682}.Debug|x86.ActiveCfg = Debug|Win32
		{42C5F6D9-7B8C-41AE-A2D4-053049562682}.Debug|x86.Build.0 = Debug|Win32
		{42C5F6D9-7B8C-41AE-A2D4-053049562682}.Release|x64.ActiveCfg = Release|x64
		{42C5F6D9-7B8C-41AE-A2D4-053049562682}.Release|x64.Build.0 = Release|x64
		{42C5F6D9-7B8C-41AE-A2D4-053049562682}.Release|x86.ActiveCfg = Release|Win32
		{42C5F6D9-7B8C-41AE-A2D4-053049562682}.Release|x86.Build.0 = Release|Win32
		{F4BB85C7-EA26-4602-B506-AFECA29F5FCA}.Debug|x64.ActiveCfg = Debug|x64
		{F4BB85C7-EA26-4602-B506-AFECA29F5FCA}.Debug|x64.Build.0 = Debug|x64
		{F4BB85C7-EA26-4602-B506-AFECA29F5FCA}.Debug|x86.ActiveCfg = Debug|Win32
		{F4BB85C7-EA26-4602-B506-AFECA29F5FCA}.Debug|x86.Build.0 = Debug|Win32
		{F4BB85C7-EA26-4602-B506-AFECA29F5FCA}.Release|x64.ActiveCfg = Release|x64
		{F4BB85C7-EA26-4602-B506-AFECA29F5FCA}.Release|x64.Build.0 = Release|x64
		{F4BB85C7-EA26-4602-B506-AFECA29F5FCA}.Release|x86.ActiveCfg = Release|Win32
		{F4BB85C7-EA26-4602-B506-AFECA29F5FCA}.Release|x86.Build.0 = Release|Win32
		{01910E8D-CA7D-4D71-B5AA-6E7F46AC4F8A}.Debug|x64.ActiveCfg = Debug|x64
		{01910E8D-CA7D-4D71-B5AA-6E7F46AC4F8A}.Debug|x64.Build.0 = Debug|x64
		{01910E8D-CA7D-4D71-B5AA-6E7F46AC4F8A}.Debug|x86.ActiveCfg = Debug|Win32
		{01910E8D-CA7D-4D71-B5AA-6E7F46AC4F8A}.Debug|x86.Build.0 = Debug|Win32
		{01910E8D-CA7D-4D71-B5AA-6E7F46AC4F8A}.Release|x64.ActiveCfg = Release|x64
		{01910E8D-CA7D-4D71-B5AA-6E7F46AC4F8A}.Release|x64.Build.0 = Release|x64
		{01910E8D-CA7D-4D71-B5AA-6E7F46AC4F8A}.Release|x86.ActiveCfg = Release|Win32
		{01910E8D-CA7D-4D71-B5AA-6E7F46AC4F8A}.Release|x86.Build.0 = Release|Win32
		{BF846A0D-6CE9-41DA-BB1D-929C07514211}.Debug|x64.ActiveCfg = Debug|x64
		{BF846A0D-6CE9-41DA-BB1D-929C07514211}.Debug|x64.Build.0 = Debug|x64
		{BF846A0D-6CE9-41DA-BB1D-929C07514211}.Debug|x86.ActiveCfg = Debug|Win32
		{BF846A0D-6CE9-41DA-BB1D-929C07514211}.Debug|x86.Build.0 = Debug|Win32
		{BF846A0D-6CE9-41DA-BB1D-929C07514211}.Release|x64.ActiveCfg = Release|x64
		{BF846A0D-6CE9-41DA-BB1D-929C07514211}.Release|x64.Build.0 = Release|x64
		{BF846A0D-6CE9-41DA-BB1D-929C07514211}.Release|x86.ActiveCfg = Release|Win32
		{BF846A0D-6CE9-41DA-BB1D-929C07514211}.Release|x86.Build.0 = Release|Win32
		{40541B25-3958-444B-8767-4EA705D861A9}.Debug|x64.ActiveCfg = Debug|x64
		{40541B25-3958-444B-8767-4EA705D861A9}.Debug|x64.Build.0 = Debug|x64
		{40541B25-3958-444B-8767-4EA705D861A9}.Debug|x86.ActiveCfg = Debug|Win32
		{40541B25-3958-444B-8767-4EA705D861A9}.Debug|x86.Build.0 = Debug|Win32
		{40541B25-3958-444B-8767-4EA705D861A9}.Release|x64.ActiveCfg = Release|x64
		{40541B25-3958-444B-8767-4EA705D861A9}.Release|x64.Build.0 = Release|x64
		{40541B25-3958-444B-8767-4EA705D861A9}.Release|x86.ActiveCfg = Release|Win32
		{40541B25-3958-444B-8767-4EA705D861A9}.Release|x86.Build.0 = Release|Win32
		{97425F4B-9145-4E3E-A6FE-11C126E3DE9D}.Debug|x64.ActiveCfg = Debug|x64
		{97425F4B-9145-4E3E-A6FE-11C126E3DE9D}.Debug|x64.Build.0 = Debug|x64
		{97425F4B-9145-4E3E-A6FE-11C126E3DE9D}.Debug|x86.ActiveCfg = Debug|Win32
		{97425F4B-9145-4E3E-A6FE-11C126E3DE9D}.Debug|x86.Build.0 = Debug|Win32
		{97425F4B-9145-4E3E-A6FE-11C126E3DE9D}.Release|x64.ActiveCfg = Release|x64
		{97425F4B-9145-4E3E-A6FE-11C126E3DE9D}.Release|x64.Build.0 = Release|x64
		{97425F4B-9145-4E3E-A6FE-11C126E3DE9D}.Release|x86.ActiveCfg = Release|Win32
		{97425F4B-9145-4E3E-A6FE-11C126E3DE9D}.Release|x86.Build.0 = Release|Win32
		{57B83CEB-C0C4-4D7D-862F-5D2A0A21EA1A}.Debug|x64.ActiveCfg = Debug|x64
		{57B83CEB-C0C4-4D7D-862F-5D2A0A21EA1A}.Debug|x64.Build.0 = Debug|x64
		{57B83CEB-C0C4-4D7D-862F-5D2A0A21EA1A}.Debug|x86.ActiveCfg = Debug|Win32
		{57B83CEB-C0C4-4D7D-862F-5D2A0A21EA1A}.Debug|x86.Build.0 = Debug|Win32
		{57B83CEB-C0C4-4D7D-862F-5D2A0A21EA1A}.Release|x64.ActiveCfg = Release|x64
		{57B83CEB-C0C4-4D7D-862F-5D2A0A21EA1A}.Release|x64.Build.0 = Release|x64
		{57B83CEB-C0C4-4D7D-862F-5D2A0A21EA1A}.Release|x86.ActiveCfg = Release|Win32
		{57B83CEB-C0C4-4D7D-862F-5D2A0A21EA1A}.Release|x86.Build.0 = Release|Win32
		{7F54CED6-75B4-4CF1-B270-738142F430B9}.Debug|x64.ActiveCfg = Debug|x64
		{7F54CED6-75B4-4CF1-B270-738142F430B9}.Debug|x64.Build.0 = Debug|x64
		{7F54CED6-75B4-4CF1-B270-738142F430B9}.Debug|x86.ActiveCfg = Debug|Win32
		{7F54CED6-75B4-4CF1-B270-738142F430B9}.Debug|x86.Build.0 = Debug|Win32
		{7F54CED6-75B4-4CF1-B270-738142F430B9}.Release|x64.ActiveCfg = Release|x64
		{7F54CED6-75B4-4CF1-B270-738142F430B9}.Release|x64.Build.0 = Release|x64
		{7F54CED6-75B4-4CF1-B270-738142F430B9}.Release|x86.ActiveCfg = Release|Win32
		{7F54CED6-75B4-4CF1-B270-738142F430B9}.Release|x86.Build.0 = Release|Win32
		{25CE0382-F7D8-449A-8D73-934D8816B891}.Debug|x64.ActiveCfg = Debug|x64
		{25CE0382-F7D8-449A-8D73-934D8816B891}.Debug|x64.Build.0 = Debug|x64
		{25CE0382-F7D8-449A-8D73-934D8816B891}.Debug|x86.ActiveCfg = Debug|Win32
		{25CE0382-F7D8-449A-8D73-934D8816B891}.Debug|x86.Build.0 = Debug|Win32
		{25CE0382-F7D8-449A-8D73-934D8816B891}.Release|x64.ActiveCfg = Release|x64
		{25CE0382-F7D8-449A-8D73-934D8816B891}.Release|x64.Build.0 = Release|x64
		{25CE0382-F7D8-449A-8D73-934D8816B891}.Release|x86.ActiveCfg = Release|Win32
		{25CE0382-F7D8-449A-8D73-934D8816B891}.Release|x86.Build.0 = Release|Win32
	EndGlobalSection
	GlobalSection(SolutionProperties) = preSolution
		HideSolutionNode = FALSE
	EndGlobalSection
	GlobalSection(ExtensibilityGlobals) = postSolution
		SolutionGuid = {FA6B2035-A727-48CF-BB03-DCAF367E57D4}
	EndGlobalSection
EndGlobal
